
Microsoft Visual Studio Solution File, Format Version 12.00
# Visual Studio Version 17
VisualStudioVersion = 17.0.32112.339
MinimumVisualStudioVersion = 10.0.40219.1
Project("{9A19103F-16F7-4668-BE54-9A1E7A4F7556}") = "WebAPI", "WebAPI\WebAPI.csproj", "{A326351D-B5BB-4257-98A9-0544DB45933E}"
EndProject
Project("{9A19103F-16F7-4668-BE54-9A1E7A4F7556}") = "DataLayer", "DataLayer\DataLayer.csproj", "{0FA03543-F4D6-4B2A-BDC3-1502C6534555}"
EndProject
Project("{9A19103F-16F7-4668-BE54-9A1E7A4F7556}") = "BusinessLayer", "BusinessLayer\BusinessLayer.csproj", "{19A1B27F-44C2-4C45-BC35-8261F6BD341C}"
EndProject
Project("{FAE04EC0-301F-11D3-BF4B-00C04F79EFBC}") = "Core", "Core\Core.csproj", "{C4149D69-47BB-4D2F-81A7-4F82209D9ED7}"
EndProject
Global
	GlobalSection(SolutionConfigurationPlatforms) = preSolution
		Debug|Any CPU = Debug|Any CPU
		Release|Any CPU = Release|Any CPU
	EndGlobalSection
	GlobalSection(ProjectConfigurationPlatforms) = postSolution
		{A326351D-B5BB-4257-98A9-0544DB45933E}.Debug|Any CPU.ActiveCfg = Debug|Any CPU
		{A326351D-B5BB-4257-98A9-0544DB45933E}.Debug|Any CPU.Build.0 = Debug|Any CPU
		{A326351D-B5BB-4257-98A9-0544DB45933E}.Release|Any CPU.ActiveCfg = Release|Any CPU
		{A326351D-B5BB-4257-98A9-0544DB45933E}.Release|Any CPU.Build.0 = Release|Any CPU
		{0FA03543-F4D6-4B2A-BDC3-1502C6534555}.Debug|Any CPU.ActiveCfg = Debug|Any CPU
		{0FA03543-F4D6-4B2A-BDC3-1502C6534555}.Debug|Any CPU.Build.0 = Debug|Any CPU
		{0FA03543-F4D6-4B2A-BDC3-1502C6534555}.Release|Any CPU.ActiveCfg = Release|Any CPU
		{0FA03543-F4D6-4B2A-BDC3-1502C6534555}.Release|Any CPU.Build.0 = Release|Any CPU
		{19A1B27F-44C2-4C45-BC35-8261F6BD341C}.Debug|Any CPU.ActiveCfg = Debug|Any CPU
		{19A1B27F-44C2-4C45-BC35-8261F6BD341C}.Debug|Any CPU.Build.0 = Debug|Any CPU
		{19A1B27F-44C2-4C45-BC35-8261F6BD341C}.Release|Any CPU.ActiveCfg = Release|Any CPU
		{19A1B27F-44C2-4C45-BC35-8261F6BD341C}.Release|Any CPU.Build.0 = Release|Any CPU
		{C4149D69-47BB-4D2F-81A7-4F82209D9ED7}.Debug|Any CPU.ActiveCfg = Debug|Any CPU
		{C4149D69-47BB-4D2F-81A7-4F82209D9ED7}.Debug|Any CPU.Build.0 = Debug|Any CPU
		{C4149D69-47BB-4D2F-81A7-4F82209D9ED7}.Release|Any CPU.ActiveCfg = Release|Any CPU
		{C4149D69-47BB-4D2F-81A7-4F82209D9ED7}.Release|Any CPU.Build.0 = Release|Any CPU
	EndGlobalSection
	GlobalSection(SolutionProperties) = preSolution
		HideSolutionNode = FALSE
	EndGlobalSection
	GlobalSection(ExtensibilityGlobals) = postSolution
		SolutionGuid = {0DDEB029-9019-4779-8998-5CB7BD964691}
	EndGlobalSection
EndGlobal
